
Microsoft Visual Studio Solution File, Format Version 9.00
# Visual Studio 2005
Project("{FAE04EC0-301F-11D3-BF4B-00C04F79EFBC}") = "CodeGeneratorWin", "CodeGeneratorWin\CodeGeneratorWin.csproj", "{0A3536B9-B1E3-4899-BA35-88F6C1ED1940}"
EndProject
Project("{FAE04EC0-301F-11D3-BF4B-00C04F79EFBC}") = "CodeGeneratorLib", "CodeGeneratorLib\CodeGeneratorLib.csproj", "{4F751D6E-2173-4286-86E5-4AB3C59B86DA}"
EndProject
Global
	GlobalSection(SolutionConfigurationPlatforms) = preSolution
		Debug|Any CPU = Debug|Any CPU
		Release|Any CPU = Release|Any CPU
	EndGlobalSection
	GlobalSection(ProjectConfigurationPlatforms) = postSolution
		{0A3536B9-B1E3-4899-BA35-88F6C1ED1940}.Debug|Any CPU.ActiveCfg = Debug|Any CPU
		{0A3536B9-B1E3-4899-BA35-88F6C1ED1940}.Debug|Any CPU.Build.0 = Debug|Any CPU
		{0A3536B9-B1E3-4899-BA35-88F6C1ED1940}.Release|Any CPU.ActiveCfg = Release|Any CPU
		{0A3536B9-B1E3-4899-BA35-88F6C1ED1940}.Release|Any CPU.Build.0 = Release|Any CPU
		{4F751D6E-2173-4286-86E5-4AB3C59B86DA}.Debug|Any CPU.ActiveCfg = Debug|Any CPU
		{4F751D6E-2173-4286-86E5-4AB3C59B86DA}.Debug|Any CPU.Build.0 = Debug|Any CPU
		{4F751D6E-2173-4286-86E5-4AB3C59B86DA}.Release|Any CPU.ActiveCfg = Release|Any CPU
		{4F751D6E-2173-4286-86E5-4AB3C59B86DA}.Release|Any CPU.Build.0 = Release|Any CPU
	EndGlobalSection
	GlobalSection(SolutionProperties) = preSolution
		HideSolutionNode = FALSE
	EndGlobalSection
EndGlobal
